
Microsoft Visual Studio Solution File, Format Version 12.00
# Visual Studio Version 17
VisualStudioVersion = 17.3.32721.290
MinimumVisualStudioVersion = 10.0.40219.1
Project("{FAE04EC0-301F-11D3-BF4B-00C04F79EFBC}") = "BonusBot", "BonusBot\BonusBot.csproj", "{BDDDD10B-0B03-4920-86E2-F92E50585961}"
EndProject
Global
	GlobalSection(SolutionConfigurationPlatforms) = preSolution
		Debug|Any CPU = Debug|Any CPU
		Release|Any CPU = Release|Any CPU
	EndGlobalSection
	GlobalSection(ProjectConfigurationPlatforms) = postSolution
		{BDDDD10B-0B03-4920-86E2-F92E50585961}.Debug|Any CPU.ActiveCfg = Debug|Any CPU
		{BDDDD10B-0B03-4920-86E2-F92E50585961}.Debug|Any CPU.Build.0 = Debug|Any CPU
		{BDDDD10B-0B03-4920-86E2-F92E50585961}.Release|Any CPU.ActiveCfg = Release|Any CPU
		{BDDDD10B-0B03-4920-86E2-F92E50585961}.Release|Any CPU.Build.0 = Release|Any CPU
	EndGlobalSection
	GlobalSection(SolutionProperties) = preSolution
		HideSolutionNode = FALSE
	EndGlobalSection
	GlobalSection(ExtensibilityGlobals) = postSolution
		SolutionGuid = {E1760B70-C9E4-449E-AAD7-626B6308E580}
	EndGlobalSection
EndGlobal
